
Microsoft Visual Studio Solution File, Format Version 12.00
# Visual Studio Version 17
VisualStudioVersion = 17.11.35327.3
MinimumVisualStudioVersion = 10.0.40219.1
Project("{FAE04EC0-301F-11D3-BF4B-00C04F79EFBC}") = "Book_Reservation_app", "Book_Reservation_app\Book_Reservation_app.csproj", "{53FA9210-38AA-4790-A549-30C11A3A78E4}"
EndProject
Global
	GlobalSection(SolutionConfigurationPlatforms) = preSolution
		Debug|Any CPU = Debug|Any CPU
		Release|Any CPU = Release|Any CPU
	EndGlobalSection
	GlobalSection(ProjectConfigurationPlatforms) = postSolution
		{53FA9210-38AA-4790-A549-30C11A3A78E4}.Debug|Any CPU.ActiveCfg = Debug|Any CPU
		{53FA9210-38AA-4790-A549-30C11A3A78E4}.Debug|Any CPU.Build.0 = Debug|Any CPU
		{53FA9210-38AA-4790-A549-30C11A3A78E4}.Release|Any CPU.ActiveCfg = Release|Any CPU
		{53FA9210-38AA-4790-A549-30C11A3A78E4}.Release|Any CPU.Build.0 = Release|Any CPU
	EndGlobalSection
	GlobalSection(SolutionProperties) = preSolution
		HideSolutionNode = FALSE
	EndGlobalSection
	GlobalSection(ExtensibilityGlobals) = postSolution
		SolutionGuid = {CED3E5B2-409D-48A5-B97B-65E3BA6364BB}
	EndGlobalSection
EndGlobal
